
Microsoft Visual Studio Solution File, Format Version 12.00
# Visual Studio Version 17
VisualStudioVersion = 17.6.33829.357
MinimumVisualStudioVersion = 10.0.40219.1
Project("{9A19103F-16F7-4668-BE54-9A1E7A4F7556}") = "DotNet6.0_demo", "DotNet6.0_demo\DotNet6.0_demo.csproj", "{6B066EA3-B493-4D50-8140-570CBE45E738}"
EndProject
Project("{9A19103F-16F7-4668-BE54-9A1E7A4F7556}") = "HashTable_Test", "HashTable_Test\HashTable_Test.csproj", "{E3B456CC-91AE-4A6B-8953-7AA03ED9537D}"
EndProject
Project("{9A19103F-16F7-4668-BE54-9A1E7A4F7556}") = "CallByRef", "CallByRef\CallByRef.csproj", "{60172553-E0CE-4CA2-BC46-7B29FCD16EC8}"
EndProject
Project("{9A19103F-16F7-4668-BE54-9A1E7A4F7556}") = "ReturnByOut", "ReturnByOut\ReturnByOut.csproj", "{B4201F28-3883-4406-86FF-FB0115E6ADEA}"
EndProject
Project("{9A19103F-16F7-4668-BE54-9A1E7A4F7556}") = "FuncParams", "FuncParams\FuncParams.csproj", "{212573D8-4DC9-440D-9C2B-38D7E228F8C8}"
EndProject
Project("{9A19103F-16F7-4668-BE54-9A1E7A4F7556}") = "FuncDynamic", "FuncDynamic\FuncDynamic.csproj", "{F7E31D82-BAAC-4910-9878-0EA40A09BBA4}"
EndProject
Project("{9A19103F-16F7-4668-BE54-9A1E7A4F7556}") = "Struct_Test", "Struct_Test\Struct_Test.csproj", "{DA0838FD-70EE-406A-A93B-145508F3C428}"
EndProject
Project("{9A19103F-16F7-4668-BE54-9A1E7A4F7556}") = "Class_Test", "Class_Test\Class_Test.csproj", "{FB813210-171D-4CA3-BBA2-F95FC49D2618}"
EndProject
Project("{9A19103F-16F7-4668-BE54-9A1E7A4F7556}") = "Multi-Level_Inheritance", "Multi-Level_Inheritance\Multi-Level_Inheritance.csproj", "{393082D8-1C97-4295-859D-8F803A2C1EE3}"
EndProject
Project("{9A19103F-16F7-4668-BE54-9A1E7A4F7556}") = "Polymorphism_Test", "Polymorphism_Test\Polymorphism_Test.csproj", "{54314B17-6BFF-4C08-95C8-04A6E364DF7A}"
EndProject
Project("{9A19103F-16F7-4668-BE54-9A1E7A4F7556}") = "RuntimePoly", "RuntimePoly\RuntimePoly.csproj", "{2DAEF901-54B1-42B3-91F4-662B1B81ECD1}"
EndProject
Project("{9A19103F-16F7-4668-BE54-9A1E7A4F7556}") = "Abstract_Test", "Abstract_Test\Abstract_Test.csproj", "{BD41556D-723A-435B-B0A4-29E2CD32C055}"
EndProject
Project("{9A19103F-16F7-4668-BE54-9A1E7A4F7556}") = "Abstract_Concept", "Abstract_Concept\Abstract_Concept.csproj", "{F32C0CC8-81BB-4C2B-9D6C-695F05CB5736}"
EndProject
Project("{9A19103F-16F7-4668-BE54-9A1E7A4F7556}") = "Interface_test", "Interface_test\Interface_test.csproj", "{8B7C9770-307C-4760-86A9-7EBA64292BB6}"
EndProject
Project("{9A19103F-16F7-4668-BE54-9A1E7A4F7556}") = "Generics_Test", "Generics_Test\Generics_Test.csproj", "{E140073E-14C8-485C-A411-5D1C4C555871}"
EndProject
Project("{9A19103F-16F7-4668-BE54-9A1E7A4F7556}") = "Generics_Coll", "Generic_Coll\Generics_Coll.csproj", "{785E25BE-4179-4E9C-AF09-DFD15BD2B4AD}"
EndProject
Project("{9A19103F-16F7-4668-BE54-9A1E7A4F7556}") = "Tuple_Test", "Tuple_Test\Tuple_Test.csproj", "{3C3A4722-8C73-47C1-AFF6-FC5A27CC8F2F}"
EndProject
Project("{9A19103F-16F7-4668-BE54-9A1E7A4F7556}") = "Exception_Test", "Exception_Test\Exception_Test.csproj", "{3F48F3A6-D058-4FB7-99AD-9CF6877288BF}"
EndProject
Project("{9A19103F-16F7-4668-BE54-9A1E7A4F7556}") = "Regex_Test", "Regex_Test\Regex_Test.csproj", "{529FAE63-0C03-4438-914B-AAB03F30727B}"
EndProject
Project("{9A19103F-16F7-4668-BE54-9A1E7A4F7556}") = "Delegate_Test", "Delegate_Test\Delegate_Test.csproj", "{AD6F58B9-39C6-4994-80A8-7E268396E7CD}"
EndProject
Project("{9A19103F-16F7-4668-BE54-9A1E7A4F7556}") = "Lambda_Test", "Lambda_Test\Lambda_Test.csproj", "{E85CDB9F-5DB1-4B8E-865E-6162F35A288B}"
EndProject
Project("{FAE04EC0-301F-11D3-BF4B-00C04F79EFBC}") = "LINQ_Test", "LINQ_Test\LINQ_Test.csproj", "{EA0CED72-CE0B-4FE3-974E-980F4651314C}"
EndProject
Global
	GlobalSection(SolutionConfigurationPlatforms) = preSolution
		Debug|Any CPU = Debug|Any CPU
		Release|Any CPU = Release|Any CPU
	EndGlobalSection
	GlobalSection(ProjectConfigurationPlatforms) = postSolution
		{6B066EA3-B493-4D50-8140-570CBE45E738}.Debug|Any CPU.ActiveCfg = Debug|Any CPU
		{6B066EA3-B493-4D50-8140-570CBE45E738}.Debug|Any CPU.Build.0 = Debug|Any CPU
		{6B066EA3-B493-4D50-8140-570CBE45E738}.Release|Any CPU.ActiveCfg = Release|Any CPU
		{6B066EA3-B493-4D50-8140-570CBE45E738}.Release|Any CPU.Build.0 = Release|Any CPU
		{E3B456CC-91AE-4A6B-8953-7AA03ED9537D}.Debug|Any CPU.ActiveCfg = Debug|Any CPU
		{E3B456CC-91AE-4A6B-8953-7AA03ED9537D}.Debug|Any CPU.Build.0 = Debug|Any CPU
		{E3B456CC-91AE-4A6B-8953-7AA03ED9537D}.Release|Any CPU.ActiveCfg = Release|Any CPU
		{E3B456CC-91AE-4A6B-8953-7AA03ED9537D}.Release|Any CPU.Build.0 = Release|Any CPU
		{60172553-E0CE-4CA2-BC46-7B29FCD16EC8}.Debug|Any CPU.ActiveCfg = Debug|Any CPU
		{60172553-E0CE-4CA2-BC46-7B29FCD16EC8}.Debug|Any CPU.Build.0 = Debug|Any CPU
		{60172553-E0CE-4CA2-BC46-7B29FCD16EC8}.Release|Any CPU.ActiveCfg = Release|Any CPU
		{60172553-E0CE-4CA2-BC46-7B29FCD16EC8}.Release|Any CPU.Build.0 = Release|Any CPU
		{B4201F28-3883-4406-86FF-FB0115E6ADEA}.Debug|Any CPU.ActiveCfg = Debug|Any CPU
		{B4201F28-3883-4406-86FF-FB0115E6ADEA}.Debug|Any CPU.Build.0 = Debug|Any CPU
		{B4201F28-3883-4406-86FF-FB0115E6ADEA}.Release|Any CPU.ActiveCfg = Release|Any CPU
		{B4201F28-3883-4406-86FF-FB0115E6ADEA}.Release|Any CPU.Build.0 = Release|Any CPU
		{212573D8-4DC9-440D-9C2B-38D7E228F8C8}.Debug|Any CPU.ActiveCfg = Debug|Any CPU
		{212573D8-4DC9-440D-9C2B-38D7E228F8C8}.Debug|Any CPU.Build.0 = Debug|Any CPU
		{212573D8-4DC9-440D-9C2B-38D7E228F8C8}.Release|Any CPU.ActiveCfg = Release|Any CPU
		{212573D8-4DC9-440D-9C2B-38D7E228F8C8}.Release|Any CPU.Build.0 = Release|Any CPU
		{F7E31D82-BAAC-4910-9878-0EA40A09BBA4}.Debug|Any CPU.ActiveCfg = Debug|Any CPU
		{F7E31D82-BAAC-4910-9878-0EA40A09BBA4}.Debug|Any CPU.Build.0 = Debug|Any CPU
		{F7E31D82-BAAC-4910-9878-0EA40A09BBA4}.Release|Any CPU.ActiveCfg = Release|Any CPU
		{F7E31D82-BAAC-4910-9878-0EA40A09BBA4}.Release|Any CPU.Build.0 = Release|Any CPU
		{DA0838FD-70EE-406A-A93B-145508F3C428}.Debug|Any CPU.ActiveCfg = Debug|Any CPU
		{DA0838FD-70EE-406A-A93B-145508F3C428}.Debug|Any CPU.Build.0 = Debug|Any CPU
		{DA0838FD-70EE-406A-A93B-145508F3C428}.Release|Any CPU.ActiveCfg = Release|Any CPU
		{DA0838FD-70EE-406A-A93B-145508F3C428}.Release|Any CPU.Build.0 = Release|Any CPU
		{FB813210-171D-4CA3-BBA2-F95FC49D2618}.Debug|Any CPU.ActiveCfg = Debug|Any CPU
		{FB813210-171D-4CA3-BBA2-F95FC49D2618}.Debug|Any CPU.Build.0 = Debug|Any CPU
		{FB813210-171D-4CA3-BBA2-F95FC49D2618}.Release|Any CPU.ActiveCfg = Release|Any CPU
		{FB813210-171D-4CA3-BBA2-F95FC49D2618}.Release|Any CPU.Build.0 = Release|Any CPU
		{393082D8-1C97-4295-859D-8F803A2C1EE3}.Debug|Any CPU.ActiveCfg = Debug|Any CPU
		{393082D8-1C97-4295-859D-8F803A2C1EE3}.Debug|Any CPU.Build.0 = Debug|Any CPU
		{393082D8-1C97-4295-859D-8F803A2C1EE3}.Release|Any CPU.ActiveCfg = Release|Any CPU
		{393082D8-1C97-4295-859D-8F803A2C1EE3}.Release|Any CPU.Build.0 = Release|Any CPU
		{54314B17-6BFF-4C08-95C8-04A6E364DF7A}.Debug|Any CPU.ActiveCfg = Debug|Any CPU
		{54314B17-6BFF-4C08-95C8-04A6E364DF7A}.Debug|Any CPU.Build.0 = Debug|Any CPU
		{54314B17-6BFF-4C08-95C8-04A6E364DF7A}.Release|Any CPU.ActiveCfg = Release|Any CPU
		{54314B17-6BFF-4C08-95C8-04A6E364DF7A}.Release|Any CPU.Build.0 = Release|Any CPU
		{2DAEF901-54B1-42B3-91F4-662B1B81ECD1}.Debug|Any CPU.ActiveCfg = Debug|Any CPU
		{2DAEF901-54B1-42B3-91F4-662B1B81ECD1}.Debug|Any CPU.Build.0 = Debug|Any CPU
		{2DAEF901-54B1-42B3-91F4-662B1B81ECD1}.Release|Any CPU.ActiveCfg = Release|Any CPU
		{2DAEF901-54B1-42B3-91F4-662B1B81ECD1}.Release|Any CPU.Build.0 = Release|Any CPU
		{BD41556D-723A-435B-B0A4-29E2CD32C055}.Debug|Any CPU.ActiveCfg = Debug|Any CPU
		{BD41556D-723A-435B-B0A4-29E2CD32C055}.Debug|Any CPU.Build.0 = Debug|Any CPU
		{BD41556D-723A-435B-B0A4-29E2CD32C055}.Release|Any CPU.ActiveCfg = Release|Any CPU
		{BD41556D-723A-435B-B0A4-29E2CD32C055}.Release|Any CPU.Build.0 = Release|Any CPU
		{F32C0CC8-81BB-4C2B-9D6C-695F05CB5736}.Debug|Any CPU.ActiveCfg = Debug|Any CPU
		{F32C0CC8-81BB-4C2B-9D6C-695F05CB5736}.Debug|Any CPU.Build.0 = Debug|Any CPU
		{F32C0CC8-81BB-4C2B-9D6C-695F05CB5736}.Release|Any CPU.ActiveCfg = Release|Any CPU
		{F32C0CC8-81BB-4C2B-9D6C-695F05CB5736}.Release|Any CPU.Build.0 = Release|Any CPU
		{8B7C9770-307C-4760-86A9-7EBA64292BB6}.Debug|Any CPU.ActiveCfg = Debug|Any CPU
		{8B7C9770-307C-4760-86A9-7EBA64292BB6}.Debug|Any CPU.Build.0 = Debug|Any CPU
		{8B7C9770-307C-4760-86A9-7EBA64292BB6}.Release|Any CPU.ActiveCfg = Release|Any CPU
		{8B7C9770-307C-4760-86A9-7EBA64292BB6}.Release|Any CPU.Build.0 = Release|Any CPU
		{E140073E-14C8-485C-A411-5D1C4C555871}.Debug|Any CPU.ActiveCfg = Debug|Any CPU
		{E140073E-14C8-485C-A411-5D1C4C555871}.Debug|Any CPU.Build.0 = Debug|Any CPU
		{E140073E-14C8-485C-A411-5D1C4C555871}.Release|Any CPU.ActiveCfg = Release|Any CPU
		{E140073E-14C8-485C-A411-5D1C4C555871}.Release|Any CPU.Build.0 = Release|Any CPU
		{785E25BE-4179-4E9C-AF09-DFD15BD2B4AD}.Debug|Any CPU.ActiveCfg = Debug|Any CPU
		{785E25BE-4179-4E9C-AF09-DFD15BD2B4AD}.Debug|Any CPU.Build.0 = Debug|Any CPU
		{785E25BE-4179-4E9C-AF09-DFD15BD2B4AD}.Release|Any CPU.ActiveCfg = Release|Any CPU
		{785E25BE-4179-4E9C-AF09-DFD15BD2B4AD}.Release|Any CPU.Build.0 = Release|Any CPU
		{3C3A4722-8C73-47C1-AFF6-FC5A27CC8F2F}.Debug|Any CPU.ActiveCfg = Debug|Any CPU
		{3C3A4722-8C73-47C1-AFF6-FC5A27CC8F2F}.Debug|Any CPU.Build.0 = Debug|Any CPU
		{3C3A4722-8C73-47C1-AFF6-FC5A27CC8F2F}.Release|Any CPU.ActiveCfg = Release|Any CPU
		{3C3A4722-8C73-47C1-AFF6-FC5A27CC8F2F}.Release|Any CPU.Build.0 = Release|Any CPU
		{3F48F3A6-D058-4FB7-99AD-9CF6877288BF}.Debug|Any CPU.ActiveCfg = Debug|Any CPU
		{3F48F3A6-D058-4FB7-99AD-9CF6877288BF}.Debug|Any CPU.Build.0 = Debug|Any CPU
		{3F48F3A6-D058-4FB7-99AD-9CF6877288BF}.Release|Any CPU.ActiveCfg = Release|Any CPU
		{3F48F3A6-D058-4FB7-99AD-9CF6877288BF}.Release|Any CPU.Build.0 = Release|Any CPU
		{529FAE63-0C03-4438-914B-AAB03F30727B}.Debug|Any CPU.ActiveCfg = Debug|Any CPU
		{529FAE63-0C03-4438-914B-AAB03F30727B}.Debug|Any CPU.Build.0 = Debug|Any CPU
		{529FAE63-0C03-4438-914B-AAB03F30727B}.Release|Any CPU.ActiveCfg = Release|Any CPU
		{529FAE63-0C03-4438-914B-AAB03F30727B}.Release|Any CPU.Build.0 = Release|Any CPU
		{AD6F58B9-39C6-4994-80A8-7E268396E7CD}.Debug|Any CPU.ActiveCfg = Debug|Any CPU
		{AD6F58B9-39C6-4994-80A8-7E268396E7CD}.Debug|Any CPU.Build.0 = Debug|Any CPU
		{AD6F58B9-39C6-4994-80A8-7E268396E7CD}.Release|Any CPU.ActiveCfg = Release|Any CPU
		{AD6F58B9-39C6-4994-80A8-7E268396E7CD}.Release|Any CPU.Build.0 = Release|Any CPU
		{E85CDB9F-5DB1-4B8E-865E-6162F35A288B}.Debug|Any CPU.ActiveCfg = Debug|Any CPU
		{E85CDB9F-5DB1-4B8E-865E-6162F35A288B}.Debug|Any CPU.Build.0 = Debug|Any CPU
		{E85CDB9F-5DB1-4B8E-865E-6162F35A288B}.Release|Any CPU.ActiveCfg = Release|Any CPU
		{E85CDB9F-5DB1-4B8E-865E-6162F35A288B}.Release|Any CPU.Build.0 = Release|Any CPU
		{EA0CED72-CE0B-4FE3-974E-980F4651314C}.Debug|Any CPU.ActiveCfg = Debug|Any CPU
		{EA0CED72-CE0B-4FE3-974E-980F4651314C}.Debug|Any CPU.Build.0 = Debug|Any CPU
		{EA0CED72-CE0B-4FE3-974E-980F4651314C}.Release|Any CPU.ActiveCfg = Release|Any CPU
		{EA0CED72-CE0B-4FE3-974E-980F4651314C}.Release|Any CPU.Build.0 = Release|Any CPU
	EndGlobalSection
	GlobalSection(SolutionProperties) = preSolution
		HideSolutionNode = FALSE
	EndGlobalSection
	GlobalSection(ExtensibilityGlobals) = postSolution
		SolutionGuid = {208B3BFC-555C-47E3-9A2C-8E6AAFC6DB3B}
	EndGlobalSection
EndGlobal
